PODS:
  - Cartography (1.1.0)
  - ChameleonFramework (2.1.0):
    - ChameleonFramework/Default (= 2.1.0)
  - ChameleonFramework/Default (2.1.0)
  - Haptica (1.0.2)

DEPENDENCIES:
  - Cartography (from `https://github.com/robb/Cartography`, branch `master`)
  - ChameleonFramework (from `https://github.com/ViccAlexander/Chameleon`, branch `master`)
  - Haptica (from `https://github.com/efremidze/Haptica`, branch `swift4`)

EXTERNAL SOURCES:
  Cartography:
    :branch: master
    :git: https://github.com/robb/Cartography
  ChameleonFramework:
    :branch: master
    :git: https://github.com/ViccAlexander/Chameleon
  Haptica:
    :branch: swift4
    :git: https://github.com/efremidze/Haptica

CHECKOUT OPTIONS:
  Cartography:
    :commit: 1a3c5b9497dcd3f67faa66ddf434c9706aa5973f
    :git: https://github.com/robb/Cartography
  ChameleonFramework:
    :commit: 6dd284bde21ea2e7f9fd89bc36f40df16e16369d
    :git: https://github.com/ViccAlexander/Chameleon
  Haptica:
    :commit: 45d30a02024cb2607be92f1f346967f5d7f325db
    :git: https://github.com/efremidze/Haptica

SPEC CHECKSUMS:
  Cartography: 8ec6e9dc98f6ee6ea6100f345d09426dd349000b
  ChameleonFramework: d21a3cc247abfe5e37609a283a8238b03575cf64
  Haptica: 2db289922016078dcc1439455d0bc33935a35b32

PODFILE CHECKSUM: bc5eb9665c1a41f0cc6847938975e51a6b37206f

COCOAPODS: 1.2.1
