PODS:
  - Cartography (1.1.0)
  - ChameleonFramework (2.1.0):
    - ChameleonFramework/Default (= 2.1.0)
  - ChameleonFramework/Default (2.1.0)
  - FontAwesome.swift (1.2.0)
  - Hero (0.3.6)
  - ImagePicker (2.1.1)

DEPENDENCIES:
  - Cartography (from `https://github.com/robb/Cartography`, branch `master`)
  - ChameleonFramework (from `https://github.com/ViccAlexander/Chameleon`, branch `master`)
  - FontAwesome.swift (from `https://github.com/thii/FontAwesome.swift`, branch `master`)
  - Hero
  - ImagePicker

EXTERNAL SOURCES:
  Cartography:
    :branch: master
    :git: https://github.com/robb/Cartography
  ChameleonFramework:
    :branch: master
    :git: https://github.com/ViccAlexander/Chameleon
  FontAwesome.swift:
    :branch: master
    :git: https://github.com/thii/FontAwesome.swift

CHECKOUT OPTIONS:
  Cartography:
    :commit: 1a3c5b9497dcd3f67faa66ddf434c9706aa5973f
    :git: https://github.com/robb/Cartography
  ChameleonFramework:
    :commit: 6dd284bde21ea2e7f9fd89bc36f40df16e16369d
    :git: https://github.com/ViccAlexander/Chameleon
  FontAwesome.swift:
    :commit: d4bd83d8de195c502af886aad78e47188a6c5b2e
    :git: https://github.com/thii/FontAwesome.swift

SPEC CHECKSUMS:
  Cartography: 8ec6e9dc98f6ee6ea6100f345d09426dd349000b
  ChameleonFramework: d21a3cc247abfe5e37609a283a8238b03575cf64
  FontAwesome.swift: 609815397a9b51cb4d774969787163c7d1306739
  Hero: d3c6f4dd80cdcdbb339be64e57ae3b5c3ab9938c
  ImagePicker: fe4c699abb56ff03994fa98d8b02e3883ee118be

PODFILE CHECKSUM: 72351c23a2c24e6a4b820767aa4c40bbaf160d75

COCOAPODS: 1.2.1
